
Microsoft Visual Studio Solution File, Format Version 12.00
# Visual Studio Version 16
VisualStudioVersion = 16.0.32126.315
MinimumVisualStudioVersion = 10.0.40219.1
Project("{C9674DCB-5085-4A16-B785-4C70DD1589BD}") = "TransfertDataFromStock", "TransfertDataFromStock\TransfertDataFromStock.dtproj", "{F601C469-A1AD-4B29-A0EE-1D8401348F9E}"
EndProject
Global
	GlobalSection(SolutionConfigurationPlatforms) = preSolution
		Development|Default = Development|Default
	EndGlobalSection
	GlobalSection(ProjectConfigurationPlatforms) = postSolution
		{F601C469-A1AD-4B29-A0EE-1D8401348F9E}.Development|Default.ActiveCfg = Development
		{F601C469-A1AD-4B29-A0EE-1D8401348F9E}.Development|Default.Build.0 = Development
	EndGlobalSection
	GlobalSection(SolutionProperties) = preSolution
		HideSolutionNode = FALSE
	EndGlobalSection
	GlobalSection(ExtensibilityGlobals) = postSolution
		SolutionGuid = {F59D5823-FE9A-4E16-8CDF-2D5C43A6CFF0}
	EndGlobalSection
EndGlobal
